// !$*UTF8*$!
{
	archiveVersion = 1;
	classes = {
	};
	objectVersion = 56;
	objects = {

/* Begin PBXBuildFile section */
		DF9FCFE32AAF4F5E00AF3E6C /* AppDelegate.swift in Sources */ = {isa = PBXBuildFile; fileRef = DF9FCFE22AAF4F5E00AF3E6C /* AppDelegate.swift */; };
		DF9FCFE52AAF4F5E00AF3E6C /* SceneDelegate.swift in Sources */ = {isa = PBXBuildFile; fileRef = DF9FCFE42AAF4F5E00AF3E6C /* SceneDelegate.swift */; };
		DF9FCFE72AAF4F5E00AF3E6C /* ViewController.swift in Sources */ = {isa = PBXBuildFile; fileRef = DF9FCFE62AAF4F5E00AF3E6C /* ViewController.swift */; };
		DF9FCFEA2AAF4F5E00AF3E6C /* Main.storyboard in Resources */ = {isa = PBXBuildFile; fileRef = DF9FCFE82AAF4F5E00AF3E6C /* Main.storyboard */; };
		DF9FCFEC2AAF4F6000AF3E6C /* Assets.xcassets in Resources */ = {isa = PBXBuildFile; fileRef = DF9FCFEB2AAF4F6000AF3E6C /* Assets.xcassets */; };
		DF9FCFEF2AAF4F6000AF3E6C /* LaunchScreen.storyboard in Resources */ = {isa = PBXBuildFile; fileRef = DF9FCFED2AAF4F6000AF3E6C /* LaunchScreen.storyboard */; };
		DF9FCFFA2AAF4F6100AF3E6C /* XCTestTests.swift in Sources */ = {isa = PBXBuildFile; fileRef = DF9FCFF92AAF4F6100AF3E6C /* XCTestTests.swift */; };
		DF9FD0042AAF4F6100AF3E6C /* XCTestUITests.swift in Sources */ = {isa = PBXBuildFile; fileRef = DF9FD0032AAF4F6100AF3E6C /* XCTestUITests.swift */; };
		DF9FD0062AAF4F6100AF3E6C /* XCTestUITestsLaunchTests.swift in Sources */ = {isa = PBXBuildFile; fileRef = DF9FD0052AAF4F6100AF3E6C /* XCTestUITestsLaunchTests.swift */; };
/* End PBXBuildFile section */

/* Begin PBXContainerItemProxy section */
		DF9FCFF62AAF4F6100AF3E6C /* PBXContainerItemProxy */ = {
			isa = PBXContainerItemProxy;
			containerPortal = DF9FCFD72AAF4F5E00AF3E6C /* Project object */;
			proxyType = 1;
			remoteGlobalIDString = DF9FCFDE2AAF4F5E00AF3E6C;
			remoteInfo = XCTest;
		};
		DF9FD0002AAF4F6100AF3E6C /* PBXContainerItemProxy */ = {
			isa = PBXContainerItemProxy;
			containerPortal = DF9FCFD72AAF4F5E00AF3E6C /* Project object */;
			proxyType = 1;
			remoteGlobalIDString = DF9FCFDE2AAF4F5E00AF3E6C;
			remoteInfo = XCTest;
		};
/* End PBXContainerItemProxy section */

/* Begin PBXFileReference section */
		DF9FCFDF2AAF4F5E00AF3E6C /* XCTest.app */ = {isa = PBXFileReference; explicitFileType = wrapper.application; includeInIndex = 0; path = XCTest.app; sourceTree = BUILT_PRODUCTS_DIR; };
		DF9FCFE22AAF4F5E00AF3E6C /* AppDelegate.swift */ = {isa = PBXFileReference; lastKnownFileType = sourcecode.swift; path = AppDelegate.swift; sourceTree = "<group>"; };
		DF9FCFE42AAF4F5E00AF3E6C /* SceneDelegate.swift */ = {isa = PBXFileReference; lastKnownFileType = sourcecode.swift; path = SceneDelegate.swift; sourceTree = "<group>"; };
		DF9FCFE62AAF4F5E00AF3E6C /* ViewController.swift */ = {isa = PBXFileReference; lastKnownFileType = sourcecode.swift; path = ViewController.swift; sourceTree = "<group>"; };
		DF9FCFE92AAF4F5E00AF3E6C /* Base */ = {isa = PBXFileReference; lastKnownFileType = file.storyboard; name = Base; path = Base.lproj/Main.storyboard; sourceTree = "<group>"; };
		DF9FCFEB2AAF4F6000AF3E6C /* Assets.xcassets */ = {isa = PBXFileReference; lastKnownFileType = folder.assetcatalog; path = Assets.xcassets; sourceTree = "<group>"; };
		DF9FCFEE2AAF4F6000AF3E6C /* Base */ = {isa = PBXFileReference; lastKnownFileType = file.storyboard; name = Base; path = Base.lproj/LaunchScreen.storyboard; sourceTree = "<group>"; };
		DF9FCFF02AAF4F6000AF3E6C /* Info.plist */ = {isa = PBXFileReference; lastKnownFileType = text.plist.xml; path = Info.plist; sourceTree = "<group>"; };
		DF9FCFF52AAF4F6100AF3E6C /* XCTestTests.xctest */ = {isa = PBXFileReference; explicitFileType = wrapper.cfbundle; includeInIndex = 0; path = XCTestTests.xctest; sourceTree = BUILT_PRODUCTS_DIR; };
		DF9FCFF92AAF4F6100AF3E6C /* XCTestTests.swift */ = {isa = PBXFileReference; lastKnownFileType = sourcecode.swift; path = XCTestTests.swift; sourceTree = "<group>"; };
		DF9FCFFF2AAF4F6100AF3E6C /* XCTestUITests.xctest */ = {isa = PBXFileReference; explicitFileType = wrapper.cfbundle; includeInIndex = 0; path = XCTestUITests.xctest; sourceTree = BUILT_PRODUCTS_DIR; };
		DF9FD0032AAF4F6100AF3E6C /* XCTestUITests.swift */ = {isa = PBXFileReference; lastKnownFileType = sourcecode.swift; path = XCTestUITests.swift; sourceTree = "<group>"; };
		DF9FD0052AAF4F6100AF3E6C /* XCTestUITestsLaunchTests.swift */ = {isa = PBXFileReference; lastKnownFileType = sourcecode.swift; path = XCTestUITestsLaunchTests.swift; sourceTree = "<group>"; };
/* End PBXFileReference section */

/* Begin PBXFrameworksBuildPhase section */
		DF9FCFDC2AAF4F5E00AF3E6C /* Frameworks */ = {
			isa = PBXFrameworksBuildPhase;
			buildActionMask = 2147483647;
			files = (
			);
			runOnlyForDeploymentPostprocessing = 0;
		};
		DF9FCFF22AAF4F6100AF3E6C /* Frameworks */ = {
			isa = PBXFrameworksBuildPhase;
			buildActionMask = 2147483647;
			files = (
			);
			runOnlyForDeploymentPostprocessing = 0;
		};
		DF9FCFFC2AAF4F6100AF3E6C /* Frameworks */ = {
			isa = PBXFrameworksBuildPhase;
			buildActionMask = 2147483647;
			files = (
			);
			runOnlyForDeploymentPostprocessing = 0;
		};
/* End PBXFrameworksBuildPhase section */

/* Begin PBXGroup section */
		DF9FCFD62AAF4F5E00AF3E6C = {
			isa = PBXGroup;
			children = (
				DF9FCFE12AAF4F5E00AF3E6C /* XCTest */,
				DF9FCFF82AAF4F6100AF3E6C /* XCTestTests */,
				DF9FD0022AAF4F6100AF3E6C /* XCTestUITests */,
				DF9FCFE02AAF4F5E00AF3E6C /* Products */,
			);
			sourceTree = "<group>";
		};
		DF9FCFE02AAF4F5E00AF3E6C /* Products */ = {
			isa = PBXGroup;
			children = (
				DF9FCFDF2AAF4F5E00AF3E6C /* XCTest.app */,
				DF9FCFF52AAF4F6100AF3E6C /* XCTestTests.xctest */,
				DF9FCFFF2AAF4F6100AF3E6C /* XCTestUITests.xctest */,
			);
			name = Products;
			sourceTree = "<group>";
		};
		DF9FCFE12AAF4F5E00AF3E6C /* XCTest */ = {
			isa = PBXGroup;
			children = (
				DF9FCFE22AAF4F5E00AF3E6C /* AppDelegate.swift */,
				DF9FCFE42AAF4F5E00AF3E6C /* SceneDelegate.swift */,
				DF9FCFE62AAF4F5E00AF3E6C /* ViewController.swift */,
				DF9FCFE82AAF4F5E00AF3E6C /* Main.storyboard */,
				DF9FCFEB2AAF4F6000AF3E6C /* Assets.xcassets */,
				DF9FCFED2AAF4F6000AF3E6C /* LaunchScreen.storyboard */,
				DF9FCFF02AAF4F6000AF3E6C /* Info.plist */,
			);
			path = XCTest;
			sourceTree = "<group>";
		};
		DF9FCFF82AAF4F6100AF3E6C /* XCTestTests */ = {
			isa = PBXGroup;
			children = (
				DF9FCFF92AAF4F6100AF3E6C /* XCTestTests.swift */,
			);
			path = XCTestTests;
			sourceTree = "<group>";
		};
		DF9FD0022AAF4F6100AF3E6C /* XCTestUITests */ = {
			isa = PBXGroup;
			children = (
				DF9FD0032AAF4F6100AF3E6C /* XCTestUITests.swift */,
				DF9FD0052AAF4F6100AF3E6C /* XCTestUITestsLaunchTests.swift */,
			);
			path = XCTestUITests;
			sourceTree = "<group>";
		};
/* End PBXGroup section */

/* Begin PBXNativeTarget section */
		DF9FCFDE2AAF4F5E00AF3E6C /* XCTest */ = {
			isa = PBXNativeTarget;
			buildConfigurationList = DF9FD0092AAF4F6100AF3E6C /* Build configuration list for PBXNativeTarget "XCTest" */;
			buildPhases = (
				DF9FCFDB2AAF4F5E00AF3E6C /* Sources */,
				DF9FCFDC2AAF4F5E00AF3E6C /* Frameworks */,
				DF9FCFDD2AAF4F5E00AF3E6C /* Resources */,
			);
			buildRules = (
			);
			dependencies = (
			);
			name = XCTest;
			productName = XCTest;
			productReference = DF9FCFDF2AAF4F5E00AF3E6C /* XCTest.app */;
			productType = "com.apple.product-type.application";
		};
		DF9FCFF42AAF4F6100AF3E6C /* XCTestTests */ = {
			isa = PBXNativeTarget;
			buildConfigurationList = DF9FD00C2AAF4F6100AF3E6C /* Build configuration list for PBXNativeTarget "XCTestTests" */;
			buildPhases = (
				DF9FCFF12AAF4F6100AF3E6C /* Sources */,
				DF9FCFF22AAF4F6100AF3E6C /* Frameworks */,
				DF9FCFF32AAF4F6100AF3E6C /* Resources */,
			);
			buildRules = (
			);
			dependencies = (
				DF9FCFF72AAF4F6100AF3E6C /* PBXTargetDependency */,
			);
			name = XCTestTests;
			productName = XCTestTests;
			productReference = DF9FCFF52AAF4F6100AF3E6C /* XCTestTests.xctest */;
			productType = "com.apple.product-type.bundle.unit-test";
		};
		DF9FCFFE2AAF4F6100AF3E6C /* XCTestUITests */ = {
			isa = PBXNativeTarget;
			buildConfigurationList = DF9FD00F2AAF4F6100AF3E6C /* Build configuration list for PBXNativeTarget "XCTestUITests" */;
			buildPhases = (
				DF9FCFFB2AAF4F6100AF3E6C /* Sources */,
				DF9FCFFC2AAF4F6100AF3E6C /* Frameworks */,
				DF9FCFFD2AAF4F6100AF3E6C /* Resources */,
			);
			buildRules = (
			);
			dependencies = (
				DF9FD0012AAF4F6100AF3E6C /* PBXTargetDependency */,
			);
			name = XCTestUITests;
			productName = XCTestUITests;
			productReference = DF9FCFFF2AAF4F6100AF3E6C /* XCTestUITests.xctest */;
			productType = "com.apple.product-type.bundle.ui-testing";
		};
/* End PBXNativeTarget section */

/* Begin PBXProject section */
		DF9FCFD72AAF4F5E00AF3E6C /* Project object */ = {
			isa = PBXProject;
			attributes = {
				BuildIndependentTargetsInParallel = 1;
				LastSwiftUpdateCheck = 1430;
				LastUpgradeCheck = 1430;
				TargetAttributes = {
					DF9FCFDE2AAF4F5E00AF3E6C = {
						CreatedOnToolsVersion = 14.3;
					};
					DF9FCFF42AAF4F6100AF3E6C = {
						CreatedOnToolsVersion = 14.3;
						TestTargetID = DF9FCFDE2AAF4F5E00AF3E6C;
					};
					DF9FCFFE2AAF4F6100AF3E6C = {
						CreatedOnToolsVersion = 14.3;
						TestTargetID = DF9FCFDE2AAF4F5E00AF3E6C;
					};
				};
			};
			buildConfigurationList = DF9FCFDA2AAF4F5E00AF3E6C /* Build configuration list for PBXProject "XCTest" */;
			compatibilityVersion = "Xcode 14.0";
			developmentRegion = en;
			hasScannedForEncodings = 0;
			knownRegions = (
				en,
				Base,
			);
			mainGroup = DF9FCFD62AAF4F5E00AF3E6C;
			productRefGroup = DF9FCFE02AAF4F5E00AF3E6C /* Products */;
			projectDirPath = "";
			projectRoot = "";
			targets = (
				DF9FCFDE2AAF4F5E00AF3E6C /* XCTest */,
				DF9FCFF42AAF4F6100AF3E6C /* XCTestTests */,
				DF9FCFFE2AAF4F6100AF3E6C /* XCTestUITests */,
			);
		};
/* End PBXProject section */

/* Begin PBXResourcesBuildPhase section */
		DF9FCFDD2AAF4F5E00AF3E6C /* Resources */ = {
			isa = PBXResourcesBuildPhase;
			buildActionMask = 2147483647;
			files = (
				DF9FCFEF2AAF4F6000AF3E6C /* LaunchScreen.storyboard in Resources */,
				DF9FCFEC2AAF4F6000AF3E6C /* Assets.xcassets in Resources */,
				DF9FCFEA2AAF4F5E00AF3E6C /* Main.storyboard in Resources */,
			);
			runOnlyForDeploymentPostprocessing = 0;
		};
		DF9FCFF32AAF4F6100AF3E6C /* Resources */ = {
			isa = PBXResourcesBuildPhase;
			buildActionMask = 2147483647;
			files = (
			);
			runOnlyForDeploymentPostprocessing = 0;
		};
		DF9FCFFD2AAF4F6100AF3E6C /* Resources */ = {
			isa = PBXResourcesBuildPhase;
			buildActionMask = 2147483647;
			files = (
			);
			runOnlyForDeploymentPostprocessing = 0;
		};
/* End PBXResourcesBuildPhase section */

/* Begin PBXSourcesBuildPhase section */
		DF9FCFDB2AAF4F5E00AF3E6C /* Sources */ = {
			isa = PBXSourcesBuildPhase;
			buildActionMask = 2147483647;
			files = (
				DF9FCFE72AAF4F5E00AF3E6C /* ViewController.swift in Sources */,
				DF9FCFE32AAF4F5E00AF3E6C /* AppDelegate.swift in Sources */,
				DF9FCFE52AAF4F5E00AF3E6C /* SceneDelegate.swift in Sources */,
			);
			runOnlyForDeploymentPostprocessing = 0;
		};
		DF9FCFF12AAF4F6100AF3E6C /* Sources */ = {
			isa = PBXSourcesBuildPhase;
			buildActionMask = 2147483647;
			files = (
				DF9FCFFA2AAF4F6100AF3E6C /* XCTestTests.swift in Sources */,
			);
			runOnlyForDeploymentPostprocessing = 0;
		};
		DF9FCFFB2AAF4F6100AF3E6C /* Sources */ = {
			isa = PBXSourcesBuildPhase;
			buildActionMask = 2147483647;
			files = (
				DF9FD0042AAF4F6100AF3E6C /* XCTestUITests.swift in Sources */,
				DF9FD0062AAF4F6100AF3E6C /* XCTestUITestsLaunchTests.swift in Sources */,
			);
			runOnlyForDeploymentPostprocessing = 0;
		};
/* End PBXSourcesBuildPhase section */

/* Begin PBXTargetDependency section */
		DF9FCFF72AAF4F6100AF3E6C /* PBXTargetDependency */ = {
			isa = PBXTargetDependency;
			target = DF9FCFDE2AAF4F5E00AF3E6C /* XCTest */;
			targetProxy = DF9FCFF62AAF4F6100AF3E6C /* PBXContainerItemProxy */;
		};
		DF9FD0012AAF4F6100AF3E6C /* PBXTargetDependency */ = {
			isa = PBXTargetDependency;
			target = DF9FCFDE2AAF4F5E00AF3E6C /* XCTest */;
			targetProxy = DF9FD0002AAF4F6100AF3E6C /* PBXContainerItemProxy */;
		};
/* End PBXTargetDependency section */

/* Begin PBXVariantGroup section */
		DF9FCFE82AAF4F5E00AF3E6C /* Main.storyboard */ = {
			isa = PBXVariantGroup;
			children = (
				DF9FCFE92AAF4F5E00AF3E6C /* Base */,
			);
			name = Main.storyboard;
			sourceTree = "<group>";
		};
		DF9FCFED2AAF4F6000AF3E6C /* LaunchScreen.storyboard */ = {
			isa = PBXVariantGroup;
			children = (
				DF9FCFEE2AAF4F6000AF3E6C /* Base */,
			);
			name = LaunchScreen.storyboard;
			sourceTree = "<group>";
		};
/* End PBXVariantGroup section */

/* Begin XCBuildConfiguration section */
		DF9FD0072AAF4F6100AF3E6C /* Debug */ = {
			isa = XCBuildConfiguration;
			buildSettings = {
				ALWAYS_SEARCH_USER_PATHS = NO;
				CLANG_ANALYZER_NONNULL = YES;
				CLANG_ANALYZER_NUMBER_OBJECT_CONVERSION = YES_AGGRESSIVE;
				CLANG_CXX_LANGUAGE_STANDARD = "gnu++20";
				CLANG_ENABLE_MODULES = YES;
				CLANG_ENABLE_OBJC_ARC = YES;
				CLANG_ENABLE_OBJC_WEAK = YES;
				CLANG_WARN_BLOCK_CAPTURE_AUTORELEASING = YES;
				CLANG_WARN_BOOL_CONVERSION = YES;
				CLANG_WARN_COMMA = YES;
				CLANG_WARN_CONSTANT_CONVERSION = YES;
				CLANG_WARN_DEPRECATED_OBJC_IMPLEMENTATIONS = YES;
				CLANG_WARN_DIRECT_OBJC_ISA_USAGE = YES_ERROR;
				CLANG_WARN_DOCUMENTATION_COMMENTS = YES;
				CLANG_WARN_EMPTY_BODY = YES;
				CLANG_WARN_ENUM_CONVERSION = YES;
				CLANG_WARN_INFINITE_RECURSION = YES;
				CLANG_WARN_INT_CONVERSION = YES;
				CLANG_WARN_NON_LITERAL_NULL_CONVERSION = YES;
				CLANG_WARN_OBJC_IMPLICIT_RETAIN_SELF = YES;
				CLANG_WARN_OBJC_LITERAL_CONVERSION = YES;
				CLANG_WARN_OBJC_ROOT_CLASS = YES_ERROR;
				CLANG_WARN_QUOTED_INCLUDE_IN_FRAMEWORK_HEADER = YES;
				CLANG_WARN_RANGE_LOOP_ANALYSIS = YES;
				CLANG_WARN_STRICT_PROTOTYPES = YES;
				CLANG_WARN_SUSPICIOUS_MOVE = YES;
				CLANG_WARN_UNGUARDED_AVAILABILITY = YES_AGGRESSIVE;
				CLANG_WARN_UNREACHABLE_CODE = YES;
				CLANG_WARN__DUPLICATE_METHOD_MATCH = YES;
				COPY_PHASE_STRIP = NO;
				DEBUG_INFORMATION_FORMAT = dwarf;
				ENABLE_STRICT_OBJC_MSGSEND = YES;
				ENABLE_TESTABILITY = YES;
				GCC_C_LANGUAGE_STANDARD = gnu11;
				GCC_DYNAMIC_NO_PIC = NO;
				GCC_NO_COMMON_BLOCKS = YES;
				GCC_OPTIMIZATION_LEVEL = 0;
				GCC_PREPROCESSOR_DEFINITIONS = (
					"DEBUG=1",
					"$(inherited)",
				);
				GCC_WARN_64_TO_32_BIT_CONVERSION = YES;
				GCC_WARN_ABOUT_RETURN_TYPE = YES_ERROR;
				GCC_WARN_UNDECLARED_SELECTOR = YES;
				GCC_WARN_UNINITIALIZED_AUTOS = YES_AGGRESSIVE;
				GCC_WARN_UNUSED_FUNCTION = YES;
				GCC_WARN_UNUSED_VARIABLE = YES;
				IPHONEOS_DEPLOYMENT_TARGET = 16.4;
				MTL_ENABLE_DEBUG_INFO = INCLUDE_SOURCE;
				MTL_FAST_MATH = YES;
				ONLY_ACTIVE_ARCH = YES;
				SDKROOT = iphoneos;
				SWIFT_ACTIVE_COMPILATION_CONDITIONS = DEBUG;
				SWIFT_OPTIMIZATION_LEVEL = "-Onone";
			};
			name = Debug;
		};
		DF9FD0082AAF4F6100AF3E6C /* Release */ = {
			isa = XCBuildConfiguration;
			buildSettings = {
				ALWAYS_SEARCH_USER_PATHS = NO;
				CLANG_ANALYZER_NONNULL = YES;
				CLANG_ANALYZER_NUMBER_OBJECT_CONVERSION = YES_AGGRESSIVE;
				CLANG_CXX_LANGUAGE_STANDARD = "gnu++20";
				CLANG_ENABLE_MODULES = YES;
				CLANG_ENABLE_OBJC_ARC = YES;
				CLANG_ENABLE_OBJC_WEAK = YES;
				CLANG_WARN_BLOCK_CAPTURE_AUTORELEASING = YES;
				CLANG_WARN_BOOL_CONVERSION = YES;
				CLANG_WARN_COMMA = YES;
				CLANG_WARN_CONSTANT_CONVERSION = YES;
				CLANG_WARN_DEPRECATED_OBJC_IMPLEMENTATIONS = YES;
				CLANG_WARN_DIRECT_OBJC_ISA_USAGE = YES_ERROR;
				CLANG_WARN_DOCUMENTATION_COMMENTS = YES;
				CLANG_WARN_EMPTY_BODY = YES;
				CLANG_WARN_ENUM_CONVERSION = YES;
				CLANG_WARN_INFINITE_RECURSION = YES;
				CLANG_WARN_INT_CONVERSION = YES;
				CLANG_WARN_NON_LITERAL_NULL_CONVERSION = YES;
				CLANG_WARN_OBJC_IMPLICIT_RETAIN_SELF = YES;
				CLANG_WARN_OBJC_LITERAL_CONVERSION = YES;
				CLANG_WARN_OBJC_ROOT_CLASS = YES_ERROR;
				CLANG_WARN_QUOTED_INCLUDE_IN_FRAMEWORK_HEADER = YES;
				CLANG_WARN_RANGE_LOOP_ANALYSIS = YES;
				CLANG_WARN_STRICT_PROTOTYPES = YES;
				CLANG_WARN_SUSPICIOUS_MOVE = YES;
				CLANG_WARN_UNGUARDED_AVAILABILITY = YES_AGGRESSIVE;
				CLANG_WARN_UNREACHABLE_CODE = YES;
				CLANG_WARN__DUPLICATE_METHOD_MATCH = YES;
				COPY_PHASE_STRIP = NO;
				DEBUG_INFORMATION_FORMAT = "dwarf-with-dsym";
				ENABLE_NS_ASSERTIONS = NO;
				ENABLE_STRICT_OBJC_MSGSEND = YES;
				GCC_C_LANGUAGE_STANDARD = gnu11;
				GCC_NO_COMMON_BLOCKS = YES;
				GCC_WARN_64_TO_32_BIT_CONVERSION = YES;
				GCC_WARN_ABOUT_RETURN_TYPE = YES_ERROR;
				GCC_WARN_UNDECLARED_SELECTOR = YES;
				GCC_WARN_UNINITIALIZED_AUTOS = YES_AGGRESSIVE;
				GCC_WARN_UNUSED_FUNCTION = YES;
				GCC_WARN_UNUSED_VARIABLE = YES;
				IPHONEOS_DEPLOYMENT_TARGET = 16.4;
				MTL_ENABLE_DEBUG_INFO = NO;
				MTL_FAST_MATH = YES;
				SDKROOT = iphoneos;
				SWIFT_COMPILATION_MODE = wholemodule;
				SWIFT_OPTIMIZATION_LEVEL = "-O";
				VALIDATE_PRODUCT = YES;
			};
			name = Release;
		};
		DF9FD00A2AAF4F6100AF3E6C /* Debug */ = {
			isa = XCBuildConfiguration;
			buildSettings = {
				ASSETCATALOG_COMPILER_APPICON_NAME = AppIcon;
				ASSETCATALOG_COMPILER_GLOBAL_ACCENT_COLOR_NAME = AccentColor;
				CODE_SIGN_STYLE = Automatic;
				CURRENT_PROJECT_VERSION = 1;
				GENERATE_INFOPLIST_FILE = YES;
				INFOPLIST_FILE = XCTest/Info.plist;
				INFOPLIST_KEY_UIApplicationSupportsIndirectInputEvents = YES;
				INFOPLIST_KEY_UILaunchStoryboardName = LaunchScreen;
				INFOPLIST_KEY_UIMainStoryboardFile = Main;
				INFOPLIST_KEY_UISupportedInterfaceOrientations_iPad = "UIInterfaceOrientationPortrait UIInterfaceOrientationPortraitUpsideDown UIInterfaceOrientationLandscapeLeft UIInterfaceOrientationLandscapeRight";
				INFOPLIST_KEY_UISupportedInterfaceOrientations_iPhone = "UIInterfaceOrientationPortrait UIInterfaceOrientationLandscapeLeft UIInterfaceOrientationLandscapeRight";
				LD_RUNPATH_SEARCH_PATHS = (
					"$(inherited)",
					"@executable_path/Frameworks",
				);
				MARKETING_VERSION = 1.0;
				PRODUCT_BUNDLE_IDENTIFIER = com.cassio.XCTest;
				PRODUCT_NAME = "$(TARGET_NAME)";
				SWIFT_EMIT_LOC_STRINGS = YES;
				SWIFT_VERSION = 5.0;
				TARGETED_DEVICE_FAMILY = "1,2";
			};
			name = Debug;
		};
		DF9FD00B2AAF4F6100AF3E6C /* Release */ = {
			isa = XCBuildConfiguration;
			buildSettings = {
				ASSETCATALOG_COMPILER_APPICON_NAME = AppIcon;
				ASSETCATALOG_COMPILER_GLOBAL_ACCENT_COLOR_NAME = AccentColor;
				CODE_SIGN_STYLE = Automatic;
				CURRENT_PROJECT_VERSION = 1;
				GENERATE_INFOPLIST_FILE = YES;
				INFOPLIST_FILE = XCTest/Info.plist;
				INFOPLIST_KEY_UIApplicationSupportsIndirectInputEvents = YES;
				INFOPLIST_KEY_UILaunchStoryboardName = LaunchScreen;
				INFOPLIST_KEY_UIMainStoryboardFile = Main;
				INFOPLIST_KEY_UISupportedInterfaceOrientations_iPad = "UIInterfaceOrientationPortrait UIInterfaceOrientationPortraitUpsideDown UIInterfaceOrientationLandscapeLeft UIInterfaceOrientationLandscapeRight";
				INFOPLIST_KEY_UISupportedInterfaceOrientations_iPhone = "UIInterfaceOrientationPortrait UIInterfaceOrientationLandscapeLeft UIInterfaceOrientationLandscapeRight";
				LD_RUNPATH_SEARCH_PATHS = (
					"$(inherited)",
					"@executable_path/Frameworks",
				);
				MARKETING_VERSION = 1.0;
				PRODUCT_BUNDLE_IDENTIFIER = com.cassio.XCTest;
				PRODUCT_NAME = "$(TARGET_NAME)";
				SWIFT_EMIT_LOC_STRINGS = YES;
				SWIFT_VERSION = 5.0;
				TARGETED_DEVICE_FAMILY = "1,2";
			};
			name = Release;
		};
		DF9FD00D2AAF4F6100AF3E6C /* Debug */ = {
			isa = XCBuildConfiguration;
			buildSettings = {
				ALWAYS_EMBED_SWIFT_STANDARD_LIBRARIES = YES;
				BUNDLE_LOADER = "$(TEST_HOST)";
				CODE_SIGN_STYLE = Automatic;
				CURRENT_PROJECT_VERSION = 1;
				GENERATE_INFOPLIST_FILE = YES;
				IPHONEOS_DEPLOYMENT_TARGET = 16.4;
				MARKETING_VERSION = 1.0;
				PRODUCT_BUNDLE_IDENTIFIER = com.cassio.XCTestTests;
				PRODUCT_NAME = "$(TARGET_NAME)";
				SWIFT_EMIT_LOC_STRINGS = NO;
				SWIFT_VERSION = 5.0;
				TARGETED_DEVICE_FAMILY = "1,2";
				TEST_HOST = "$(BUILT_PRODUCTS_DIR)/XCTest.app/$(BUNDLE_EXECUTABLE_FOLDER_PATH)/XCTest";
			};
			name = Debug;
		};
		DF9FD00E2AAF4F6100AF3E6C /* Release */ = {
			isa = XCBuildConfiguration;
			buildSettings = {
				ALWAYS_EMBED_SWIFT_STANDARD_LIBRARIES = YES;
				BUNDLE_LOADER = "$(TEST_HOST)";
				CODE_SIGN_STYLE = Automatic;
				CURRENT_PROJECT_VERSION = 1;
				GENERATE_INFOPLIST_FILE = YES;
				IPHONEOS_DEPLOYMENT_TARGET = 16.4;
				MARKETING_VERSION = 1.0;
				PRODUCT_BUNDLE_IDENTIFIER = com.cassio.XCTestTests;
				PRODUCT_NAME = "$(TARGET_NAME)";
				SWIFT_EMIT_LOC_STRINGS = NO;
				SWIFT_VERSION = 5.0;
				TARGETED_DEVICE_FAMILY = "1,2";
				TEST_HOST = "$(BUILT_PRODUCTS_DIR)/XCTest.app/$(BUNDLE_EXECUTABLE_FOLDER_PATH)/XCTest";
			};
			name = Release;
		};
		DF9FD0102AAF4F6100AF3E6C /* Debug */ = {
			isa = XCBuildConfiguration;
			buildSettings = {
				ALWAYS_EMBED_SWIFT_STANDARD_LIBRARIES = YES;
				CODE_SIGN_STYLE = Automatic;
				CURRENT_PROJECT_VERSION = 1;
				GENERATE_INFOPLIST_FILE = YES;
				MARKETING_VERSION = 1.0;
				PRODUCT_BUNDLE_IDENTIFIER = com.cassio.XCTestUITests;
				PRODUCT_NAME = "$(TARGET_NAME)";
				SWIFT_EMIT_LOC_STRINGS = NO;
				SWIFT_VERSION = 5.0;
				TARGETED_DEVICE_FAMILY = "1,2";
				TEST_TARGET_NAME = XCTest;
			};
			name = Debug;
		};
		DF9FD0112AAF4F6100AF3E6C /* Release */ = {
			isa = XCBuildConfiguration;
			buildSettings = {
				ALWAYS_EMBED_SWIFT_STANDARD_LIBRARIES = YES;
				CODE_SIGN_STYLE = Automatic;
				CURRENT_PROJECT_VERSION = 1;
				GENERATE_INFOPLIST_FILE = YES;
				MARKETING_VERSION = 1.0;
				PRODUCT_BUNDLE_IDENTIFIER = com.cassio.XCTestUITests;
				PRODUCT_NAME = "$(TARGET_NAME)";
				SWIFT_EMIT_LOC_STRINGS = NO;
				SWIFT_VERSION = 5.0;
				TARGETED_DEVICE_FAMILY = "1,2";
				TEST_TARGET_NAME = XCTest;
			};
			name = Release;
		};
/* End XCBuildConfiguration section */

/* Begin XCConfigurationList section */
		DF9FCFDA2AAF4F5E00AF3E6C /* Build configuration list for PBXProject "XCTest" */ = {
			isa = XCConfigurationList;
			buildConfigurations = (
				DF9FD0072AAF4F6100AF3E6C /* Debug */,
				DF9FD0082AAF4F6100AF3E6C /* Release */,
			);
			defaultConfigurationIsVisible = 0;
			defaultConfigurationName = Release;
		};
		DF9FD0092AAF4F6100AF3E6C /* Build configuration list for PBXNativeTarget "XCTest" */ = {
			isa = XCConfigurationList;
			buildConfigurations = (
				DF9FD00A2AAF4F6100AF3E6C /* Debug */,
				DF9FD00B2AAF4F6100AF3E6C /* Release */,
			);
			defaultConfigurationIsVisible = 0;
			defaultConfigurationName = Release;
		};
		DF9FD00C2AAF4F6100AF3E6C /* Build configuration list for PBXNativeTarget "XCTestTests" */ = {
			isa = XCConfigurationList;
			buildConfigurations = (
				DF9FD00D2AAF4F6100AF3E6C /* Debug */,
				DF9FD00E2AAF4F6100AF3E6C /* Release */,
			);
			defaultConfigurationIsVisible = 0;
			defaultConfigurationName = Release;
		};
		DF9FD00F2AAF4F6100AF3E6C /* Build configuration list for PBXNativeTarget "XCTestUITests" */ = {
			isa = XCConfigurationList;
			buildConfigurations = (
				DF9FD0102AAF4F6100AF3E6C /* Debug */,
				DF9FD0112AAF4F6100AF3E6C /* Release */,
			);
			defaultConfigurationIsVisible = 0;
			defaultConfigurationName = Release;
		};
/* End XCConfigurationList section */
	};
	rootObject = DF9FCFD72AAF4F5E00AF3E6C /* Project object */;
}
